{
  "name": "aws-greengrass-ipc-sdk-js",
  "version": "1.2.0",
  "lockfileVersion": 1,
  "requires": true,
  "dependencies": {
    "aws-greengrass-common-js": {
      "version": "1.1.0",
      "resolved": "https://registry.npmjs.org/aws-greengrass-common-js/-/aws-greengrass-common-js-1.1.0.tgz",
      "integrity": "sha512-oj3lc/1AsBzL36guqKO35WiPQGMdX6uIEeuUCvqwCdpj8GJJz3GvwHEebCaapxEgz7AGsr6/PVMZl89HxDeuAQ=="
    }
  }
}
